{
    "_meta": {
        "hash": {
            "sha256": "0f4a785b8f9781a290326269af5265a552de91b36934c2412ffcb5c259b7215a"
        },
        "host-environment-markers": {
            "implementation_name": "cpython",
            "implementation_version": "3.6.2",
            "os_name": "nt",
            "platform_machine": "AMD64",
            "platform_python_implementation": "CPython",
            "platform_release": "10",
            "platform_system": "Windows",
            "platform_version": "10.0.15063",
            "python_full_version": "3.6.2",
            "python_version": "3.6",
            "sys_platform": "win32"
        },
        "pipfile-spec": 6,
        "requires": {},
        "sources": [
            {
                "name": "pypi",
                "url": "https://pypi.python.org/simple",
                "verify_ssl": true
            }
        ]
    },
    "default": {
        "django": {
            "hashes": [
                "sha256:26b34f4417aa38d895b6b5307177b51bc3f4d53179d8696a5c19dcb50582523c",
                "sha256:71d1a584bb4ad2b4f933d07d02c716755c1394feaac1ce61ce37843ac5401092"
            ],
            "version": "==2.0.5"
        },
        "django-countries": {
            "hashes": [
                "sha256:4d22fca8536e7c6c1f134fbaf861a953a94fde0572486bdc199b9f1844acdb49",
                "sha256:4b296e18010e2d97d69f98247511ab5490e8a5c4823da29f06a09de0011dbd17"
            ],
            "version": "==5.3"
        },
        "leaflet": {
            "hashes": [
                "sha256:654053f4728e8326a38a1e80ee6fbfdca30a2dbf388d27cefe55f5912e546fd7",
                "sha256:f906a59a3e06b8d3f8b81eedfe30340187119bbef2dbaa73b79588c79be369c1"
            ],
            "version": "==0.0.3"
        },
        "pytz": {
            "hashes": [
                "sha256:65ae0c8101309c45772196b21b74c46b2e5d11b6275c45d251b150d5da334555",
                "sha256:c06425302f2cf668f1bba7a0a03f3c1d34d4ebeef2c72003da308b3947c7f749"
            ],
            "version": "==2018.4"
        }
    },
    "develop": {}
}
